
Microsoft Visual Studio Solution File, Format Version 12.00
# Visual Studio Version 17
VisualStudioVersion = 17.13.35825.156
MinimumVisualStudioVersion = 10.0.40219.1
Project("{2150E333-8FDC-42A3-9474-1A3956D46DE8}") = "Services", "Services", "{02EA681E-C7D8-13C7-8484-4AC65E1B71E8}"
EndProject
Project("{2150E333-8FDC-42A3-9474-1A3956D46DE8}") = "Catalog", "Catalog", "{D423A7FC-2D51-436E-B97F-B8C5160DBA97}"
EndProject
Project("{FAE04EC0-301F-11D3-BF4B-00C04F79EFBC}") = "MultiShop.Catalog", "Services\Catalog\MultiShop.Catalog\MultiShop.Catalog.csproj", "{915F3093-9EE5-4E55-9D08-239D2BD63681}"
EndProject
Project("{2150E333-8FDC-42A3-9474-1A3956D46DE8}") = "Discount", "Discount", "{BE62A724-9F80-47A2-9842-D050704B5757}"
EndProject
Project("{FAE04EC0-301F-11D3-BF4B-00C04F79EFBC}") = "MultiShop.Discount", "Services\Discount\MultiShop.Discount\MultiShop.Discount.csproj", "{554BB02C-E30E-45AD-A855-403389206F3A}"
EndProject
Project("{2150E333-8FDC-42A3-9474-1A3956D46DE8}") = "Order", "Order", "{82771B23-5730-4120-9B55-EA9CDB8223B5}"
EndProject
Project("{2150E333-8FDC-42A3-9474-1A3956D46DE8}") = "Core", "Core", "{331BC5D4-7572-455D-A749-B75C918812C2}"
EndProject
Project("{2150E333-8FDC-42A3-9474-1A3956D46DE8}") = "Infrastructure", "Infrastructure", "{1BDC72A3-AB49-4DDA-8644-7117AB72248A}"
EndProject
Project("{2150E333-8FDC-42A3-9474-1A3956D46DE8}") = "Presentation", "Presentation", "{291D3E17-EE96-4000-805F-164D1738E36E}"
EndProject
Project("{FAE04EC0-301F-11D3-BF4B-00C04F79EFBC}") = "MultiShop.Order.Domain", "Services\Order\Core\MultiShop.Order.Domain\MultiShop.Order.Domain.csproj", "{64D7067C-A17C-4171-8886-FE4081F3C94A}"
EndProject
Project("{FAE04EC0-301F-11D3-BF4B-00C04F79EFBC}") = "MultiShop.Order.Application", "Services\Order\Core\MultiShop.Order.Application\MultiShop.Order.Application.csproj", "{2D04BF1C-5F1E-4930-B935-BAFA4ED72E7B}"
EndProject
Project("{FAE04EC0-301F-11D3-BF4B-00C04F79EFBC}") = "MultiShop.Order.Persistence", "Services\Order\Infrastructure\MultiShop.Order.Persistence\MultiShop.Order.Persistence.csproj", "{89D4251A-855A-4FA8-87CF-665D0FEFA2D3}"
EndProject
Project("{FAE04EC0-301F-11D3-BF4B-00C04F79EFBC}") = "MultiShop.Order.WebApi", "Services\Order\Presentation\MultiShop.Order.WebApi\MultiShop.Order.WebApi.csproj", "{C5288049-9D88-43F5-B9A5-3D1837A6E5E4}"
EndProject
Project("{2150E333-8FDC-42A3-9474-1A3956D46DE8}") = "IdentityServer", "IdentityServer", "{D75AE312-D43C-4703-8D6A-84ACB8AD8B15}"
EndProject
Project("{FAE04EC0-301F-11D3-BF4B-00C04F79EFBC}") = "MultiShop.IdentityServer", "IdentityServer\MultiShop.IdentityServer\MultiShop.IdentityServer.csproj", "{EA14094F-FB55-5ABC-1402-B4229C4AD0B1}"
EndProject
Project("{2150E333-8FDC-42A3-9474-1A3956D46DE8}") = "Cargo", "Cargo", "{0915727D-3D06-415F-9603-4449C058E4F5}"
EndProject
Project("{FAE04EC0-301F-11D3-BF4B-00C04F79EFBC}") = "MultiShop.Cargo.EntityLayer", "Services\Cargo\MultiShop.Cargo.EntityLayer\MultiShop.Cargo.EntityLayer.csproj", "{DBC7C8F8-A24F-4250-95CC-2C1C7B2A85F4}"
EndProject
Project("{FAE04EC0-301F-11D3-BF4B-00C04F79EFBC}") = "MultiShop.Cargo.BusinessLayer", "Services\Cargo\MultiShop.Cargo.BusinessLayer\MultiShop.Cargo.BusinessLayer.csproj", "{C26D3417-E1D0-4CA4-97D5-35E1C5C46A0A}"
EndProject
Project("{FAE04EC0-301F-11D3-BF4B-00C04F79EFBC}") = "MultiShop.Cargo.DataAccessLayer", "Services\Cargo\MultiShop.Cargo.DataAccessLayer\MultiShop.Cargo.DataAccessLayer.csproj", "{1D8CA538-9556-4B23-B65A-4E12193D405F}"
EndProject
Project("{FAE04EC0-301F-11D3-BF4B-00C04F79EFBC}") = "MultiShop.Cargo.DtoLayer", "Services\Cargo\MultiShop.Cargo.DtoLayer\MultiShop.Cargo.DtoLayer.csproj", "{F4524271-F1D7-4AA6-9FCC-DEF52BCDABAC}"
EndProject
Project("{FAE04EC0-301F-11D3-BF4B-00C04F79EFBC}") = "MultiShop.Cargo.WebApi", "Services\Cargo\MultiShop.Cargo.WebApi\MultiShop.Cargo.WebApi.csproj", "{0584DB74-08C9-4C46-B5F6-08BEB9C9BEF2}"
EndProject
Project("{2150E333-8FDC-42A3-9474-1A3956D46DE8}") = "Basket", "Basket", "{18F0A9C5-CC8F-4A7F-8924-40CE70C9C438}"
EndProject
Project("{FAE04EC0-301F-11D3-BF4B-00C04F79EFBC}") = "MultiShop.Basket", "Services\Basket\MultiShop.Basket\MultiShop.Basket.csproj", "{CA44AC7B-79AC-4EDA-A550-AC2AB94605CA}"
EndProject
Project("{2150E333-8FDC-42A3-9474-1A3956D46DE8}") = "Frontends", "Frontends", "{9D79FEB9-1848-4EC2-A857-AF05D8B00835}"
EndProject
Project("{FAE04EC0-301F-11D3-BF4B-00C04F79EFBC}") = "MultiShop.WebUI", "Frontends\MultiShop.WebUI\MultiShop.WebUI.csproj", "{54395701-A462-49E7-82E7-BAED53B8C8A4}"
EndProject
Global
	GlobalSection(SolutionConfigurationPlatforms) = preSolution
		Debug|Any CPU = Debug|Any CPU
		Release|Any CPU = Release|Any CPU
	EndGlobalSection
	GlobalSection(ProjectConfigurationPlatforms) = postSolution
		{915F3093-9EE5-4E55-9D08-239D2BD63681}.Debug|Any CPU.ActiveCfg = Debug|Any CPU
		{915F3093-9EE5-4E55-9D08-239D2BD63681}.Debug|Any CPU.Build.0 = Debug|Any CPU
		{915F3093-9EE5-4E55-9D08-239D2BD63681}.Release|Any CPU.ActiveCfg = Release|Any CPU
		{915F3093-9EE5-4E55-9D08-239D2BD63681}.Release|Any CPU.Build.0 = Release|Any CPU
		{554BB02C-E30E-45AD-A855-403389206F3A}.Debug|Any CPU.ActiveCfg = Debug|Any CPU
		{554BB02C-E30E-45AD-A855-403389206F3A}.Debug|Any CPU.Build.0 = Debug|Any CPU
		{554BB02C-E30E-45AD-A855-403389206F3A}.Release|Any CPU.ActiveCfg = Release|Any CPU
		{554BB02C-E30E-45AD-A855-403389206F3A}.Release|Any CPU.Build.0 = Release|Any CPU
		{64D7067C-A17C-4171-8886-FE4081F3C94A}.Debug|Any CPU.ActiveCfg = Debug|Any CPU
		{64D7067C-A17C-4171-8886-FE4081F3C94A}.Debug|Any CPU.Build.0 = Debug|Any CPU
		{64D7067C-A17C-4171-8886-FE4081F3C94A}.Release|Any CPU.ActiveCfg = Release|Any CPU
		{64D7067C-A17C-4171-8886-FE4081F3C94A}.Release|Any CPU.Build.0 = Release|Any CPU
		{2D04BF1C-5F1E-4930-B935-BAFA4ED72E7B}.Debug|Any CPU.ActiveCfg = Debug|Any CPU
		{2D04BF1C-5F1E-4930-B935-BAFA4ED72E7B}.Debug|Any CPU.Build.0 = Debug|Any CPU
		{2D04BF1C-5F1E-4930-B935-BAFA4ED72E7B}.Release|Any CPU.ActiveCfg = Release|Any CPU
		{2D04BF1C-5F1E-4930-B935-BAFA4ED72E7B}.Release|Any CPU.Build.0 = Release|Any CPU
		{89D4251A-855A-4FA8-87CF-665D0FEFA2D3}.Debug|Any CPU.ActiveCfg = Debug|Any CPU
		{89D4251A-855A-4FA8-87CF-665D0FEFA2D3}.Debug|Any CPU.Build.0 = Debug|Any CPU
		{89D4251A-855A-4FA8-87CF-665D0FEFA2D3}.Release|Any CPU.ActiveCfg = Release|Any CPU
		{89D4251A-855A-4FA8-87CF-665D0FEFA2D3}.Release|Any CPU.Build.0 = Release|Any CPU
		{C5288049-9D88-43F5-B9A5-3D1837A6E5E4}.Debug|Any CPU.ActiveCfg = Debug|Any CPU
		{C5288049-9D88-43F5-B9A5-3D1837A6E5E4}.Debug|Any CPU.Build.0 = Debug|Any CPU
		{C5288049-9D88-43F5-B9A5-3D1837A6E5E4}.Release|Any CPU.ActiveCfg = Release|Any CPU
		{C5288049-9D88-43F5-B9A5-3D1837A6E5E4}.Release|Any CPU.Build.0 = Release|Any CPU
		{EA14094F-FB55-5ABC-1402-B4229C4AD0B1}.Debug|Any CPU.ActiveCfg = Debug|Any CPU
		{EA14094F-FB55-5ABC-1402-B4229C4AD0B1}.Debug|Any CPU.Build.0 = Debug|Any CPU
		{EA14094F-FB55-5ABC-1402-B4229C4AD0B1}.Release|Any CPU.ActiveCfg = Release|Any CPU
		{EA14094F-FB55-5ABC-1402-B4229C4AD0B1}.Release|Any CPU.Build.0 = Release|Any CPU
		{DBC7C8F8-A24F-4250-95CC-2C1C7B2A85F4}.Debug|Any CPU.ActiveCfg = Debug|Any CPU
		{DBC7C8F8-A24F-4250-95CC-2C1C7B2A85F4}.Debug|Any CPU.Build.0 = Debug|Any CPU
		{DBC7C8F8-A24F-4250-95CC-2C1C7B2A85F4}.Release|Any CPU.ActiveCfg = Release|Any CPU
		{DBC7C8F8-A24F-4250-95CC-2C1C7B2A85F4}.Release|Any CPU.Build.0 = Release|Any CPU
		{C26D3417-E1D0-4CA4-97D5-35E1C5C46A0A}.Debug|Any CPU.ActiveCfg = Debug|Any CPU
		{C26D3417-E1D0-4CA4-97D5-35E1C5C46A0A}.Debug|Any CPU.Build.0 = Debug|Any CPU
		{C26D3417-E1D0-4CA4-97D5-35E1C5C46A0A}.Release|Any CPU.ActiveCfg = Release|Any CPU
		{C26D3417-E1D0-4CA4-97D5-35E1C5C46A0A}.Release|Any CPU.Build.0 = Release|Any CPU
		{1D8CA538-9556-4B23-B65A-4E12193D405F}.Debug|Any CPU.ActiveCfg = Debug|Any CPU
		{1D8CA538-9556-4B23-B65A-4E12193D405F}.Debug|Any CPU.Build.0 = Debug|Any CPU
		{1D8CA538-9556-4B23-B65A-4E12193D405F}.Release|Any CPU.ActiveCfg = Release|Any CPU
		{1D8CA538-9556-4B23-B65A-4E12193D405F}.Release|Any CPU.Build.0 = Release|Any CPU
		{F4524271-F1D7-4AA6-9FCC-DEF52BCDABAC}.Debug|Any CPU.ActiveCfg = Debug|Any CPU
		{F4524271-F1D7-4AA6-9FCC-DEF52BCDABAC}.Debug|Any CPU.Build.0 = Debug|Any CPU
		{F4524271-F1D7-4AA6-9FCC-DEF52BCDABAC}.Release|Any CPU.ActiveCfg = Release|Any CPU
		{F4524271-F1D7-4AA6-9FCC-DEF52BCDABAC}.Release|Any CPU.Build.0 = Release|Any CPU
		{0584DB74-08C9-4C46-B5F6-08BEB9C9BEF2}.Debug|Any CPU.ActiveCfg = Debug|Any CPU
		{0584DB74-08C9-4C46-B5F6-08BEB9C9BEF2}.Debug|Any CPU.Build.0 = Debug|Any CPU
		{0584DB74-08C9-4C46-B5F6-08BEB9C9BEF2}.Release|Any CPU.ActiveCfg = Release|Any CPU
		{0584DB74-08C9-4C46-B5F6-08BEB9C9BEF2}.Release|Any CPU.Build.0 = Release|Any CPU
		{CA44AC7B-79AC-4EDA-A550-AC2AB94605CA}.Debug|Any CPU.ActiveCfg = Debug|Any CPU
		{CA44AC7B-79AC-4EDA-A550-AC2AB94605CA}.Debug|Any CPU.Build.0 = Debug|Any CPU
		{CA44AC7B-79AC-4EDA-A550-AC2AB94605CA}.Release|Any CPU.ActiveCfg = Release|Any CPU
		{CA44AC7B-79AC-4EDA-A550-AC2AB94605CA}.Release|Any CPU.Build.0 = Release|Any CPU
		{54395701-A462-49E7-82E7-BAED53B8C8A4}.Debug|Any CPU.ActiveCfg = Debug|Any CPU
		{54395701-A462-49E7-82E7-BAED53B8C8A4}.Debug|Any CPU.Build.0 = Debug|Any CPU
		{54395701-A462-49E7-82E7-BAED53B8C8A4}.Release|Any CPU.ActiveCfg = Release|Any CPU
		{54395701-A462-49E7-82E7-BAED53B8C8A4}.Release|Any CPU.Build.0 = Release|Any CPU
	EndGlobalSection
	GlobalSection(SolutionProperties) = preSolution
		HideSolutionNode = FALSE
	EndGlobalSection
	GlobalSection(NestedProjects) = preSolution
		{D423A7FC-2D51-436E-B97F-B8C5160DBA97} = {02EA681E-C7D8-13C7-8484-4AC65E1B71E8}
		{915F3093-9EE5-4E55-9D08-239D2BD63681} = {D423A7FC-2D51-436E-B97F-B8C5160DBA97}
		{BE62A724-9F80-47A2-9842-D050704B5757} = {02EA681E-C7D8-13C7-8484-4AC65E1B71E8}
		{554BB02C-E30E-45AD-A855-403389206F3A} = {BE62A724-9F80-47A2-9842-D050704B5757}
		{82771B23-5730-4120-9B55-EA9CDB8223B5} = {02EA681E-C7D8-13C7-8484-4AC65E1B71E8}
		{331BC5D4-7572-455D-A749-B75C918812C2} = {82771B23-5730-4120-9B55-EA9CDB8223B5}
		{1BDC72A3-AB49-4DDA-8644-7117AB72248A} = {82771B23-5730-4120-9B55-EA9CDB8223B5}
		{291D3E17-EE96-4000-805F-164D1738E36E} = {82771B23-5730-4120-9B55-EA9CDB8223B5}
		{64D7067C-A17C-4171-8886-FE4081F3C94A} = {331BC5D4-7572-455D-A749-B75C918812C2}
		{2D04BF1C-5F1E-4930-B935-BAFA4ED72E7B} = {331BC5D4-7572-455D-A749-B75C918812C2}
		{89D4251A-855A-4FA8-87CF-665D0FEFA2D3} = {1BDC72A3-AB49-4DDA-8644-7117AB72248A}
		{C5288049-9D88-43F5-B9A5-3D1837A6E5E4} = {291D3E17-EE96-4000-805F-164D1738E36E}
		{EA14094F-FB55-5ABC-1402-B4229C4AD0B1} = {D75AE312-D43C-4703-8D6A-84ACB8AD8B15}
		{0915727D-3D06-415F-9603-4449C058E4F5} = {02EA681E-C7D8-13C7-8484-4AC65E1B71E8}
		{DBC7C8F8-A24F-4250-95CC-2C1C7B2A85F4} = {0915727D-3D06-415F-9603-4449C058E4F5}
		{C26D3417-E1D0-4CA4-97D5-35E1C5C46A0A} = {0915727D-3D06-415F-9603-4449C058E4F5}
		{1D8CA538-9556-4B23-B65A-4E12193D405F} = {0915727D-3D06-415F-9603-4449C058E4F5}
		{F4524271-F1D7-4AA6-9FCC-DEF52BCDABAC} = {0915727D-3D06-415F-9603-4449C058E4F5}
		{0584DB74-08C9-4C46-B5F6-08BEB9C9BEF2} = {0915727D-3D06-415F-9603-4449C058E4F5}
		{18F0A9C5-CC8F-4A7F-8924-40CE70C9C438} = {02EA681E-C7D8-13C7-8484-4AC65E1B71E8}
		{CA44AC7B-79AC-4EDA-A550-AC2AB94605CA} = {18F0A9C5-CC8F-4A7F-8924-40CE70C9C438}
		{54395701-A462-49E7-82E7-BAED53B8C8A4} = {9D79FEB9-1848-4EC2-A857-AF05D8B00835}
	EndGlobalSection
	GlobalSection(ExtensibilityGlobals) = postSolution
		SolutionGuid = {7281F343-B9C6-4DB5-A097-2092B4B5ED90}
	EndGlobalSection
EndGlobal
